
Microsoft Visual Studio Solution File, Format Version 12.00
# Visual Studio Version 16
VisualStudioVersion = 16.0.29920.165
MinimumVisualStudioVersion = 10.0.40219.1
Project("{9A19103F-16F7-4668-BE54-9A1E7A4F7556}") = "01. Furniture", "01. Furniture\01. Furniture.csproj", "{1B885825-BC33-467B-A901-96CEF5DCC0CB}"
EndProject
Project("{9A19103F-16F7-4668-BE54-9A1E7A4F7556}") = "02. Race", "02. Race\02. Race.csproj", "{61F361DA-CA93-4B92-987A-5B8AF940061E}"
EndProject
Project("{9A19103F-16F7-4668-BE54-9A1E7A4F7556}") = "03. SoftUni Bar Income", "03. SoftUni Bar Income\03. SoftUni Bar Income.csproj", "{78E19C69-AAEC-4749-A9FD-A401082C3C88}"
EndProject
Project("{9A19103F-16F7-4668-BE54-9A1E7A4F7556}") = "04. Star Enigma", "04. Star Enigma\04. Star Enigma.csproj", "{75E43FEB-6E5A-47D1-B5BF-C6B9D8CFE86A}"
EndProject
Project("{9A19103F-16F7-4668-BE54-9A1E7A4F7556}") = "05. Nether Realms", "05. Nether Realms\05. Nether Realms.csproj", "{15DFDE6D-7B6E-4C31-A922-2C2A4B262A05}"
EndProject
Project("{FAE04EC0-301F-11D3-BF4B-00C04F79EFBC}") = "06. Extract Emails", "06. Extract Emails\06. Extract Emails.csproj", "{C00BDA7F-4D10-4B54-A437-9BDDF3919946}"
EndProject
Global
	GlobalSection(SolutionConfigurationPlatforms) = preSolution
		Debug|Any CPU = Debug|Any CPU
		Release|Any CPU = Release|Any CPU
	EndGlobalSection
	GlobalSection(ProjectConfigurationPlatforms) = postSolution
		{1B885825-BC33-467B-A901-96CEF5DCC0CB}.Debug|Any CPU.ActiveCfg = Debug|Any CPU
		{1B885825-BC33-467B-A901-96CEF5DCC0CB}.Debug|Any CPU.Build.0 = Debug|Any CPU
		{1B885825-BC33-467B-A901-96CEF5DCC0CB}.Release|Any CPU.ActiveCfg = Release|Any CPU
		{1B885825-BC33-467B-A901-96CEF5DCC0CB}.Release|Any CPU.Build.0 = Release|Any CPU
		{61F361DA-CA93-4B92-987A-5B8AF940061E}.Debug|Any CPU.ActiveCfg = Debug|Any CPU
		{61F361DA-CA93-4B92-987A-5B8AF940061E}.Debug|Any CPU.Build.0 = Debug|Any CPU
		{61F361DA-CA93-4B92-987A-5B8AF940061E}.Release|Any CPU.ActiveCfg = Release|Any CPU
		{61F361DA-CA93-4B92-987A-5B8AF940061E}.Release|Any CPU.Build.0 = Release|Any CPU
		{78E19C69-AAEC-4749-A9FD-A401082C3C88}.Debug|Any CPU.ActiveCfg = Debug|Any CPU
		{78E19C69-AAEC-4749-A9FD-A401082C3C88}.Debug|Any CPU.Build.0 = Debug|Any CPU
		{78E19C69-AAEC-4749-A9FD-A401082C3C88}.Release|Any CPU.ActiveCfg = Release|Any CPU
		{78E19C69-AAEC-4749-A9FD-A401082C3C88}.Release|Any CPU.Build.0 = Release|Any CPU
		{75E43FEB-6E5A-47D1-B5BF-C6B9D8CFE86A}.Debug|Any CPU.ActiveCfg = Debug|Any CPU
		{75E43FEB-6E5A-47D1-B5BF-C6B9D8CFE86A}.Debug|Any CPU.Build.0 = Debug|Any CPU
		{75E43FEB-6E5A-47D1-B5BF-C6B9D8CFE86A}.Release|Any CPU.ActiveCfg = Release|Any CPU
		{75E43FEB-6E5A-47D1-B5BF-C6B9D8CFE86A}.Release|Any CPU.Build.0 = Release|Any CPU
		{15DFDE6D-7B6E-4C31-A922-2C2A4B262A05}.Debug|Any CPU.ActiveCfg = Debug|Any CPU
		{15DFDE6D-7B6E-4C31-A922-2C2A4B262A05}.Debug|Any CPU.Build.0 = Debug|Any CPU
		{15DFDE6D-7B6E-4C31-A922-2C2A4B262A05}.Release|Any CPU.ActiveCfg = Release|Any CPU
		{15DFDE6D-7B6E-4C31-A922-2C2A4B262A05}.Release|Any CPU.Build.0 = Release|Any CPU
		{C00BDA7F-4D10-4B54-A437-9BDDF3919946}.Debug|Any CPU.ActiveCfg = Debug|Any CPU
		{C00BDA7F-4D10-4B54-A437-9BDDF3919946}.Debug|Any CPU.Build.0 = Debug|Any CPU
		{C00BDA7F-4D10-4B54-A437-9BDDF3919946}.Release|Any CPU.ActiveCfg = Release|Any CPU
		{C00BDA7F-4D10-4B54-A437-9BDDF3919946}.Release|Any CPU.Build.0 = Release|Any CPU
	EndGlobalSection
	GlobalSection(SolutionProperties) = preSolution
		HideSolutionNode = FALSE
	EndGlobalSection
	GlobalSection(ExtensibilityGlobals) = postSolution
		SolutionGuid = {1935A3BF-7795-41CF-B749-6AE8C101991A}
	EndGlobalSection
EndGlobal
